// !$*UTF8*$!
{
	archiveVersion = 1;
	classes = {
	};
	objectVersion = 55;
	objects = {

/* Begin PBXBuildFile section */
		4C21AEAB28ECC23800A136D3 /* PostCell.swift in Sources */ = {isa = PBXBuildFile; fileRef = 4C21AEAA28ECC23800A136D3 /* PostCell.swift */; };
		4C4BB37628EBCB4400756653 /* AppDelegate.swift in Sources */ = {isa = PBXBuildFile; fileRef = 4C4BB37528EBCB4400756653 /* AppDelegate.swift */; };
		4C4BB37828EBCB4400756653 /* SceneDelegate.swift in Sources */ = {isa = PBXBuildFile; fileRef = 4C4BB37728EBCB4400756653 /* SceneDelegate.swift */; };
		4C4BB37D28EBCB4400756653 /* Main.storyboard in Resources */ = {isa = PBXBuildFile; fileRef = 4C4BB37B28EBCB4400756653 /* Main.storyboard */; };
		4C4BB37F28EBCB5100756653 /* Assets.xcassets in Resources */ = {isa = PBXBuildFile; fileRef = 4C4BB37E28EBCB5100756653 /* Assets.xcassets */; };
		4C4BB38228EBCB5100756653 /* LaunchScreen.storyboard in Resources */ = {isa = PBXBuildFile; fileRef = 4C4BB38028EBCB5100756653 /* LaunchScreen.storyboard */; };
		4C4BB38D28EBCB5200756653 /* InstagramTests.swift in Sources */ = {isa = PBXBuildFile; fileRef = 4C4BB38C28EBCB5200756653 /* InstagramTests.swift */; };
		4C4BB39728EBCB5300756653 /* InstagramUITests.swift in Sources */ = {isa = PBXBuildFile; fileRef = 4C4BB39628EBCB5300756653 /* InstagramUITests.swift */; };
		4C4BB39928EBCB5300756653 /* InstagramUITestsLaunchTests.swift in Sources */ = {isa = PBXBuildFile; fileRef = 4C4BB39828EBCB5300756653 /* InstagramUITestsLaunchTests.swift */; };
		4C4BB3A628EBD00000756653 /* LoginViewController.swift in Sources */ = {isa = PBXBuildFile; fileRef = 4C4BB3A528EBD00000756653 /* LoginViewController.swift */; };
		4C4BB3A828EBD00C00756653 /* FeedViewController.swift in Sources */ = {isa = PBXBuildFile; fileRef = 4C4BB3A728EBD00C00756653 /* FeedViewController.swift */; };
		4C4BB3AA28EBDA1C00756653 /* CameraViewController.swift in Sources */ = {isa = PBXBuildFile; fileRef = 4C4BB3A928EBDA1C00756653 /* CameraViewController.swift */; };
		9E3287C06FB87603EC17BBE6 /* Pods_Instagram.framework in Frameworks */ = {isa = PBXBuildFile; fileRef = 4BAFB1374AE27E94B7E98BE9 /* Pods_Instagram.framework */; };
		C2B686FE0B062353255FCFA5 /* Pods_Instagram_InstagramUITests.framework in Frameworks */ = {isa = PBXBuildFile; fileRef = 06993DFD6458A30BBFEEC5C7 /* Pods_Instagram_InstagramUITests.framework */; };
		CFD77A6F58DB581565294D20 /* Pods_InstagramTests.framework in Frameworks */ = {isa = PBXBuildFile; fileRef = D75BAB57FAA9ED0BB4F893DF /* Pods_InstagramTests.framework */; };
/* End PBXBuildFile section */

/* Begin PBXContainerItemProxy section */
		4C4BB38928EBCB5200756653 /* PBXContainerItemProxy */ = {
			isa = PBXContainerItemProxy;
			containerPortal = 4C4BB36A28EBCB4400756653 /* Project object */;
			proxyType = 1;
			remoteGlobalIDString = 4C4BB37128EBCB4400756653;
			remoteInfo = Instagram;
		};
		4C4BB39328EBCB5200756653 /* PBXContainerItemProxy */ = {
			isa = PBXContainerItemProxy;
			containerPortal = 4C4BB36A28EBCB4400756653 /* Project object */;
			proxyType = 1;
			remoteGlobalIDString = 4C4BB37128EBCB4400756653;
			remoteInfo = Instagram;
		};
/* End PBXContainerItemProxy section */

/* Begin PBXFileReference section */
		06993DFD6458A30BBFEEC5C7 /* Pods_Instagram_InstagramUITests.framework */ = {isa = PBXFileReference; explicitFileType = wrapper.framework; includeInIndex = 0; path = Pods_Instagram_InstagramUITests.framework; sourceTree = BUILT_PRODUCTS_DIR; };
		4BAFB1374AE27E94B7E98BE9 /* Pods_Instagram.framework */ = {isa = PBXFileReference; explicitFileType = wrapper.framework; includeInIndex = 0; path = Pods_Instagram.framework; sourceTree = BUILT_PRODUCTS_DIR; };
		4C21AEAA28ECC23800A136D3 /* PostCell.swift */ = {isa = PBXFileReference; lastKnownFileType = sourcecode.swift; path = PostCell.swift; sourceTree = "<group>"; };
		4C4BB37228EBCB4400756653 /* Instagram.app */ = {isa = PBXFileReference; explicitFileType = wrapper.application; includeInIndex = 0; path = Instagram.app; sourceTree = BUILT_PRODUCTS_DIR; };
		4C4BB37528EBCB4400756653 /* AppDelegate.swift */ = {isa = PBXFileReference; lastKnownFileType = sourcecode.swift; path = AppDelegate.swift; sourceTree = "<group>"; };
		4C4BB37728EBCB4400756653 /* SceneDelegate.swift */ = {isa = PBXFileReference; lastKnownFileType = sourcecode.swift; path = SceneDelegate.swift; sourceTree = "<group>"; };
		4C4BB37C28EBCB4400756653 /* Base */ = {isa = PBXFileReference; lastKnownFileType = file.storyboard; name = Base; path = Base.lproj/Main.storyboard; sourceTree = "<group>"; };
		4C4BB37E28EBCB5100756653 /* Assets.xcassets */ = {isa = PBXFileReference; lastKnownFileType = folder.assetcatalog; path = Assets.xcassets; sourceTree = "<group>"; };
		4C4BB38128EBCB5100756653 /* Base */ = {isa = PBXFileReference; lastKnownFileType = file.storyboard; name = Base; path = Base.lproj/LaunchScreen.storyboard; sourceTree = "<group>"; };
		4C4BB38328EBCB5100756653 /* Info.plist */ = {isa = PBXFileReference; lastKnownFileType = text.plist.xml; path = Info.plist; sourceTree = "<group>"; };
		4C4BB38828EBCB5200756653 /* InstagramTests.xctest */ = {isa = PBXFileReference; explicitFileType = wrapper.cfbundle; includeInIndex = 0; path = InstagramTests.xctest; sourceTree = BUILT_PRODUCTS_DIR; };
		4C4BB38C28EBCB5200756653 /* InstagramTests.swift */ = {isa = PBXFileReference; lastKnownFileType = sourcecode.swift; path = InstagramTests.swift; sourceTree = "<group>"; };
		4C4BB39228EBCB5200756653 /* InstagramUITests.xctest */ = {isa = PBXFileReference; explicitFileType = wrapper.cfbundle; includeInIndex = 0; path = InstagramUITests.xctest; sourceTree = BUILT_PRODUCTS_DIR; };
		4C4BB39628EBCB5300756653 /* InstagramUITests.swift */ = {isa = PBXFileReference; lastKnownFileType = sourcecode.swift; path = InstagramUITests.swift; sourceTree = "<group>"; };
		4C4BB39828EBCB5300756653 /* InstagramUITestsLaunchTests.swift */ = {isa = PBXFileReference; lastKnownFileType = sourcecode.swift; path = InstagramUITestsLaunchTests.swift; sourceTree = "<group>"; };
		4C4BB3A528EBD00000756653 /* LoginViewController.swift */ = {isa = PBXFileReference; lastKnownFileType = sourcecode.swift; path = LoginViewController.swift; sourceTree = "<group>"; };
		4C4BB3A728EBD00C00756653 /* FeedViewController.swift */ = {isa = PBXFileReference; lastKnownFileType = sourcecode.swift; path = FeedViewController.swift; sourceTree = "<group>"; };
		4C4BB3A928EBDA1C00756653 /* CameraViewController.swift */ = {isa = PBXFileReference; lastKnownFileType = sourcecode.swift; path = CameraViewController.swift; sourceTree = "<group>"; };
		4D2582D83894899377571AA4 /* Pods-Instagram.debug.xcconfig */ = {isa = PBXFileReference; includeInIndex = 1; lastKnownFileType = text.xcconfig; name = "Pods-Instagram.debug.xcconfig"; path = "Target Support Files/Pods-Instagram/Pods-Instagram.debug.xcconfig"; sourceTree = "<group>"; };
		5787A3DD6BC59B947F164B43 /* Pods-Instagram-InstagramUITests.release.xcconfig */ = {isa = PBXFileReference; includeInIndex = 1; lastKnownFileType = text.xcconfig; name = "Pods-Instagram-InstagramUITests.release.xcconfig"; path = "Target Support Files/Pods-Instagram-InstagramUITests/Pods-Instagram-InstagramUITests.release.xcconfig"; sourceTree = "<group>"; };
		7C315716589FC9394AB9E874 /* Pods-Instagram-InstagramUITests.debug.xcconfig */ = {isa = PBXFileReference; includeInIndex = 1; lastKnownFileType = text.xcconfig; name = "Pods-Instagram-InstagramUITests.debug.xcconfig"; path = "Target Support Files/Pods-Instagram-InstagramUITests/Pods-Instagram-InstagramUITests.debug.xcconfig"; sourceTree = "<group>"; };
		85201F9CE9E840C80E2B7B99 /* Pods-Instagram.release.xcconfig */ = {isa = PBXFileReference; includeInIndex = 1; lastKnownFileType = text.xcconfig; name = "Pods-Instagram.release.xcconfig"; path = "Target Support Files/Pods-Instagram/Pods-Instagram.release.xcconfig"; sourceTree = "<group>"; };
		D75BAB57FAA9ED0BB4F893DF /* Pods_InstagramTests.framework */ = {isa = PBXFileReference; explicitFileType = wrapper.framework; includeInIndex = 0; path = Pods_InstagramTests.framework; sourceTree = BUILT_PRODUCTS_DIR; };
		FB2BFD4EB2B9F840DC1CA13F /* Pods-InstagramTests.debug.xcconfig */ = {isa = PBXFileReference; includeInIndex = 1; lastKnownFileType = text.xcconfig; name = "Pods-InstagramTests.debug.xcconfig"; path = "Target Support Files/Pods-InstagramTests/Pods-InstagramTests.debug.xcconfig"; sourceTree = "<group>"; };
		FFB1EFA29C9AB416F2D64913 /* Pods-InstagramTests.release.xcconfig */ = {isa = PBXFileReference; includeInIndex = 1; lastKnownFileType = text.xcconfig; name = "Pods-InstagramTests.release.xcconfig"; path = "Target Support Files/Pods-InstagramTests/Pods-InstagramTests.release.xcconfig"; sourceTree = "<group>"; };
/* End PBXFileReference section */

/* Begin PBXFrameworksBuildPhase section */
		4C4BB36F28EBCB4400756653 /* Frameworks */ = {
			isa = PBXFrameworksBuildPhase;
			buildActionMask = 2147483647;
			files = (
				9E3287C06FB87603EC17BBE6 /* Pods_Instagram.framework in Frameworks */,
			);
			runOnlyForDeploymentPostprocessing = 0;
		};
		4C4BB38528EBCB5200756653 /* Frameworks */ = {
			isa = PBXFrameworksBuildPhase;
			buildActionMask = 2147483647;
			files = (
				CFD77A6F58DB581565294D20 /* Pods_InstagramTests.framework in Frameworks */,
			);
			runOnlyForDeploymentPostprocessing = 0;
		};
		4C4BB38F28EBCB5200756653 /* Frameworks */ = {
			isa = PBXFrameworksBuildPhase;
			buildActionMask = 2147483647;
			files = (
				C2B686FE0B062353255FCFA5 /* Pods_Instagram_InstagramUITests.framework in Frameworks */,
			);
			runOnlyForDeploymentPostprocessing = 0;
		};
/* End PBXFrameworksBuildPhase section */

/* Begin PBXGroup section */
		4C4BB36928EBCB4400756653 = {
			isa = PBXGroup;
			children = (
				4C4BB37428EBCB4400756653 /* Instagram */,
				4C4BB38B28EBCB5200756653 /* InstagramTests */,
				4C4BB39528EBCB5200756653 /* InstagramUITests */,
				4C4BB37328EBCB4400756653 /* Products */,
				52BC6374C191737D03832FE5 /* Pods */,
				50222C78129FF0D7D52E70C8 /* Frameworks */,
			);
			sourceTree = "<group>";
		};
		4C4BB37328EBCB4400756653 /* Products */ = {
			isa = PBXGroup;
			children = (
				4C4BB37228EBCB4400756653 /* Instagram.app */,
				4C4BB38828EBCB5200756653 /* InstagramTests.xctest */,
				4C4BB39228EBCB5200756653 /* InstagramUITests.xctest */,
			);
			name = Products;
			sourceTree = "<group>";
		};
		4C4BB37428EBCB4400756653 /* Instagram */ = {
			isa = PBXGroup;
			children = (
				4C4BB37528EBCB4400756653 /* AppDelegate.swift */,
				4C4BB37728EBCB4400756653 /* SceneDelegate.swift */,
				4C4BB37B28EBCB4400756653 /* Main.storyboard */,
				4C4BB37E28EBCB5100756653 /* Assets.xcassets */,
				4C4BB38028EBCB5100756653 /* LaunchScreen.storyboard */,
				4C4BB38328EBCB5100756653 /* Info.plist */,
				4C4BB3A528EBD00000756653 /* LoginViewController.swift */,
				4C4BB3A728EBD00C00756653 /* FeedViewController.swift */,
				4C4BB3A928EBDA1C00756653 /* CameraViewController.swift */,
				4C21AEAA28ECC23800A136D3 /* PostCell.swift */,
			);
			path = Instagram;
			sourceTree = "<group>";
		};
		4C4BB38B28EBCB5200756653 /* InstagramTests */ = {
			isa = PBXGroup;
			children = (
				4C4BB38C28EBCB5200756653 /* InstagramTests.swift */,
			);
			path = InstagramTests;
			sourceTree = "<group>";
		};
		4C4BB39528EBCB5200756653 /* InstagramUITests */ = {
			isa = PBXGroup;
			children = (
				4C4BB39628EBCB5300756653 /* InstagramUITests.swift */,
				4C4BB39828EBCB5300756653 /* InstagramUITestsLaunchTests.swift */,
			);
			path = InstagramUITests;
			sourceTree = "<group>";
		};
		50222C78129FF0D7D52E70C8 /* Frameworks */ = {
			isa = PBXGroup;
			children = (
				4BAFB1374AE27E94B7E98BE9 /* Pods_Instagram.framework */,
				06993DFD6458A30BBFEEC5C7 /* Pods_Instagram_InstagramUITests.framework */,
				D75BAB57FAA9ED0BB4F893DF /* Pods_InstagramTests.framework */,
			);
			name = Frameworks;
			sourceTree = "<group>";
		};
		52BC6374C191737D03832FE5 /* Pods */ = {
			isa = PBXGroup;
			children = (
				4D2582D83894899377571AA4 /* Pods-Instagram.debug.xcconfig */,
				85201F9CE9E840C80E2B7B99 /* Pods-Instagram.release.xcconfig */,
				7C315716589FC9394AB9E874 /* Pods-Instagram-InstagramUITests.debug.xcconfig */,
				5787A3DD6BC59B947F164B43 /* Pods-Instagram-InstagramUITests.release.xcconfig */,
				FB2BFD4EB2B9F840DC1CA13F /* Pods-InstagramTests.debug.xcconfig */,
				FFB1EFA29C9AB416F2D64913 /* Pods-InstagramTests.release.xcconfig */,
			);
			path = Pods;
			sourceTree = "<group>";
		};
/* End PBXGroup section */

/* Begin PBXNativeTarget section */
		4C4BB37128EBCB4400756653 /* Instagram */ = {
			isa = PBXNativeTarget;
			buildConfigurationList = 4C4BB39C28EBCB5300756653 /* Build configuration list for PBXNativeTarget "Instagram" */;
			buildPhases = (
				5EAEA4CE070BA0A22FEEAFC6 /* [CP] Check Pods Manifest.lock */,
				4C4BB36E28EBCB4400756653 /* Sources */,
				4C4BB36F28EBCB4400756653 /* Frameworks */,
				4C4BB37028EBCB4400756653 /* Resources */,
				88EB0D57A7D1A120D29F1395 /* [CP] Embed Pods Frameworks */,
			);
			buildRules = (
			);
			dependencies = (
			);
			name = Instagram;
			productName = Instagram;
			productReference = 4C4BB37228EBCB4400756653 /* Instagram.app */;
			productType = "com.apple.product-type.application";
		};
		4C4BB38728EBCB5200756653 /* InstagramTests */ = {
			isa = PBXNativeTarget;
			buildConfigurationList = 4C4BB39F28EBCB5300756653 /* Build configuration list for PBXNativeTarget "InstagramTests" */;
			buildPhases = (
				36536B766716D1B66C0EF654 /* [CP] Check Pods Manifest.lock */,
				4C4BB38428EBCB5200756653 /* Sources */,
				4C4BB38528EBCB5200756653 /* Frameworks */,
				4C4BB38628EBCB5200756653 /* Resources */,
			);
			buildRules = (
			);
			dependencies = (
				4C4BB38A28EBCB5200756653 /* PBXTargetDependency */,
			);
			name = InstagramTests;
			productName = InstagramTests;
			productReference = 4C4BB38828EBCB5200756653 /* InstagramTests.xctest */;
			productType = "com.apple.product-type.bundle.unit-test";
		};
		4C4BB39128EBCB5200756653 /* InstagramUITests */ = {
			isa = PBXNativeTarget;
			buildConfigurationList = 4C4BB3A228EBCB5300756653 /* Build configuration list for PBXNativeTarget "InstagramUITests" */;
			buildPhases = (
				A66794738762EAC1DB758CB7 /* [CP] Check Pods Manifest.lock */,
				4C4BB38E28EBCB5200756653 /* Sources */,
				4C4BB38F28EBCB5200756653 /* Frameworks */,
				4C4BB39028EBCB5200756653 /* Resources */,
				08684B4DEE22CFE91BB1A2DA /* [CP] Embed Pods Frameworks */,
			);
			buildRules = (
			);
			dependencies = (
				4C4BB39428EBCB5200756653 /* PBXTargetDependency */,
			);
			name = InstagramUITests;
			productName = InstagramUITests;
			productReference = 4C4BB39228EBCB5200756653 /* InstagramUITests.xctest */;
			productType = "com.apple.product-type.bundle.ui-testing";
		};
/* End PBXNativeTarget section */

/* Begin PBXProject section */
		4C4BB36A28EBCB4400756653 /* Project object */ = {
			isa = PBXProject;
			attributes = {
				BuildIndependentTargetsInParallel = 1;
				LastSwiftUpdateCheck = 1340;
				LastUpgradeCheck = 1340;
				TargetAttributes = {
					4C4BB37128EBCB4400756653 = {
						CreatedOnToolsVersion = 13.4.1;
					};
					4C4BB38728EBCB5200756653 = {
						CreatedOnToolsVersion = 13.4.1;
						TestTargetID = 4C4BB37128EBCB4400756653;
					};
					4C4BB39128EBCB5200756653 = {
						CreatedOnToolsVersion = 13.4.1;
						TestTargetID = 4C4BB37128EBCB4400756653;
					};
				};
			};
			buildConfigurationList = 4C4BB36D28EBCB4400756653 /* Build configuration list for PBXProject "Instagram" */;
			compatibilityVersion = "Xcode 13.0";
			developmentRegion = en;
			hasScannedForEncodings = 0;
			knownRegions = (
				en,
				Base,
			);
			mainGroup = 4C4BB36928EBCB4400756653;
			productRefGroup = 4C4BB37328EBCB4400756653 /* Products */;
			projectDirPath = "";
			projectRoot = "";
			targets = (
				4C4BB37128EBCB4400756653 /* Instagram */,
				4C4BB38728EBCB5200756653 /* InstagramTests */,
				4C4BB39128EBCB5200756653 /* InstagramUITests */,
			);
		};
/* End PBXProject section */

/* Begin PBXResourcesBuildPhase section */
		4C4BB37028EBCB4400756653 /* Resources */ = {
			isa = PBXResourcesBuildPhase;
			buildActionMask = 2147483647;
			files = (
				4C4BB38228EBCB5100756653 /* LaunchScreen.storyboard in Resources */,
				4C4BB37F28EBCB5100756653 /* Assets.xcassets in Resources */,
				4C4BB37D28EBCB4400756653 /* Main.storyboard in Resources */,
			);
			runOnlyForDeploymentPostprocessing = 0;
		};
		4C4BB38628EBCB5200756653 /* Resources */ = {
			isa = PBXResourcesBuildPhase;
			buildActionMask = 2147483647;
			files = (
			);
			runOnlyForDeploymentPostprocessing = 0;
		};
		4C4BB39028EBCB5200756653 /* Resources */ = {
			isa = PBXResourcesBuildPhase;
			buildActionMask = 2147483647;
			files = (
			);
			runOnlyForDeploymentPostprocessing = 0;
		};
/* End PBXResourcesBuildPhase section */

/* Begin PBXShellScriptBuildPhase section */
		08684B4DEE22CFE91BB1A2DA /* [CP] Embed Pods Frameworks */ = {
			isa = PBXShellScriptBuildPhase;
			buildActionMask = 2147483647;
			files = (
			);
			inputFileListPaths = (
				"${PODS_ROOT}/Target Support Files/Pods-Instagram-InstagramUITests/Pods-Instagram-InstagramUITests-frameworks-${CONFIGURATION}-input-files.xcfilelist",
			);
			name = "[CP] Embed Pods Frameworks";
			outputFileListPaths = (
				"${PODS_ROOT}/Target Support Files/Pods-Instagram-InstagramUITests/Pods-Instagram-InstagramUITests-frameworks-${CONFIGURATION}-output-files.xcfilelist",
			);
			runOnlyForDeploymentPostprocessing = 0;
			shellPath = /bin/sh;
			shellScript = "\"${PODS_ROOT}/Target Support Files/Pods-Instagram-InstagramUITests/Pods-Instagram-InstagramUITests-frameworks.sh\"\n";
			showEnvVarsInLog = 0;
		};
		36536B766716D1B66C0EF654 /* [CP] Check Pods Manifest.lock */ = {
			isa = PBXShellScriptBuildPhase;
			buildActionMask = 2147483647;
			files = (
			);
			inputFileListPaths = (
			);
			inputPaths = (
				"${PODS_PODFILE_DIR_PATH}/Podfile.lock",
				"${PODS_ROOT}/Manifest.lock",
			);
			name = "[CP] Check Pods Manifest.lock";
			outputFileListPaths = (
			);
			outputPaths = (
				"$(DERIVED_FILE_DIR)/Pods-InstagramTests-checkManifestLockResult.txt",
			);
			runOnlyForDeploymentPostprocessing = 0;
			shellPath = /bin/sh;
			shellScript = "diff \"${PODS_PODFILE_DIR_PATH}/Podfile.lock\" \"${PODS_ROOT}/Manifest.lock\" > /dev/null\nif [ $? != 0 ] ; then\n    # print error to STDERR\n    echo \"error: The sandbox is not in sync with the Podfile.lock. Run 'pod install' or update your CocoaPods installation.\" >&2\n    exit 1\nfi\n# This output is used by Xcode 'outputs' to avoid re-running this script phase.\necho \"SUCCESS\" > \"${SCRIPT_OUTPUT_FILE_0}\"\n";
			showEnvVarsInLog = 0;
		};
		5EAEA4CE070BA0A22FEEAFC6 /* [CP] Check Pods Manifest.lock */ = {
			isa = PBXShellScriptBuildPhase;
			buildActionMask = 2147483647;
			files = (
			);
			inputFileListPaths = (
			);
			inputPaths = (
				"${PODS_PODFILE_DIR_PATH}/Podfile.lock",
				"${PODS_ROOT}/Manifest.lock",
			);
			name = "[CP] Check Pods Manifest.lock";
			outputFileListPaths = (
			);
			outputPaths = (
				"$(DERIVED_FILE_DIR)/Pods-Instagram-checkManifestLockResult.txt",
			);
			runOnlyForDeploymentPostprocessing = 0;
			shellPath = /bin/sh;
			shellScript = "diff \"${PODS_PODFILE_DIR_PATH}/Podfile.lock\" \"${PODS_ROOT}/Manifest.lock\" > /dev/null\nif [ $? != 0 ] ; then\n    # print error to STDERR\n    echo \"error: The sandbox is not in sync with the Podfile.lock. Run 'pod install' or update your CocoaPods installation.\" >&2\n    exit 1\nfi\n# This output is used by Xcode 'outputs' to avoid re-running this script phase.\necho \"SUCCESS\" > \"${SCRIPT_OUTPUT_FILE_0}\"\n";
			showEnvVarsInLog = 0;
		};
		88EB0D57A7D1A120D29F1395 /* [CP] Embed Pods Frameworks */ = {
			isa = PBXShellScriptBuildPhase;
			buildActionMask = 2147483647;
			files = (
			);
			inputFileListPaths = (
				"${PODS_ROOT}/Target Support Files/Pods-Instagram/Pods-Instagram-frameworks-${CONFIGURATION}-input-files.xcfilelist",
			);
			name = "[CP] Embed Pods Frameworks";
			outputFileListPaths = (
				"${PODS_ROOT}/Target Support Files/Pods-Instagram/Pods-Instagram-frameworks-${CONFIGURATION}-output-files.xcfilelist",
			);
			runOnlyForDeploymentPostprocessing = 0;
			shellPath = /bin/sh;
			shellScript = "\"${PODS_ROOT}/Target Support Files/Pods-Instagram/Pods-Instagram-frameworks.sh\"\n";
			showEnvVarsInLog = 0;
		};
		A66794738762EAC1DB758CB7 /* [CP] Check Pods Manifest.lock */ = {
			isa = PBXShellScriptBuildPhase;
			buildActionMask = 2147483647;
			files = (
			);
			inputFileListPaths = (
			);
			inputPaths = (
				"${PODS_PODFILE_DIR_PATH}/Podfile.lock",
				"${PODS_ROOT}/Manifest.lock",
			);
			name = "[CP] Check Pods Manifest.lock";
			outputFileListPaths = (
			);
			outputPaths = (
				"$(DERIVED_FILE_DIR)/Pods-Instagram-InstagramUITests-checkManifestLockResult.txt",
			);
			runOnlyForDeploymentPostprocessing = 0;
			shellPath = /bin/sh;
			shellScript = "diff \"${PODS_PODFILE_DIR_PATH}/Podfile.lock\" \"${PODS_ROOT}/Manifest.lock\" > /dev/null\nif [ $? != 0 ] ; then\n    # print error to STDERR\n    echo \"error: The sandbox is not in sync with the Podfile.lock. Run 'pod install' or update your CocoaPods installation.\" >&2\n    exit 1\nfi\n# This output is used by Xcode 'outputs' to avoid re-running this script phase.\necho \"SUCCESS\" > \"${SCRIPT_OUTPUT_FILE_0}\"\n";
			showEnvVarsInLog = 0;
		};
/* End PBXShellScriptBuildPhase section */

/* Begin PBXSourcesBuildPhase section */
		4C4BB36E28EBCB4400756653 /* Sources */ = {
			isa = PBXSourcesBuildPhase;
			buildActionMask = 2147483647;
			files = (
				4C4BB3A628EBD00000756653 /* LoginViewController.swift in Sources */,
				4C4BB3AA28EBDA1C00756653 /* CameraViewController.swift in Sources */,
				4C4BB37628EBCB4400756653 /* AppDelegate.swift in Sources */,
				4C4BB3A828EBD00C00756653 /* FeedViewController.swift in Sources */,
				4C4BB37828EBCB4400756653 /* SceneDelegate.swift in Sources */,
				4C21AEAB28ECC23800A136D3 /* PostCell.swift in Sources */,
			);
			runOnlyForDeploymentPostprocessing = 0;
		};
		4C4BB38428EBCB5200756653 /* Sources */ = {
			isa = PBXSourcesBuildPhase;
			buildActionMask = 2147483647;
			files = (
				4C4BB38D28EBCB5200756653 /* InstagramTests.swift in Sources */,
			);
			runOnlyForDeploymentPostprocessing = 0;
		};
		4C4BB38E28EBCB5200756653 /* Sources */ = {
			isa = PBXSourcesBuildPhase;
			buildActionMask = 2147483647;
			files = (
				4C4BB39728EBCB5300756653 /* InstagramUITests.swift in Sources */,
				4C4BB39928EBCB5300756653 /* InstagramUITestsLaunchTests.swift in Sources */,
			);
			runOnlyForDeploymentPostprocessing = 0;
		};
/* End PBXSourcesBuildPhase section */

/* Begin PBXTargetDependency section */
		4C4BB38A28EBCB5200756653 /* PBXTargetDependency */ = {
			isa = PBXTargetDependency;
			target = 4C4BB37128EBCB4400756653 /* Instagram */;
			targetProxy = 4C4BB38928EBCB5200756653 /* PBXContainerItemProxy */;
		};
		4C4BB39428EBCB5200756653 /* PBXTargetDependency */ = {
			isa = PBXTargetDependency;
			target = 4C4BB37128EBCB4400756653 /* Instagram */;
			targetProxy = 4C4BB39328EBCB5200756653 /* PBXContainerItemProxy */;
		};
/* End PBXTargetDependency section */

/* Begin PBXVariantGroup section */
		4C4BB37B28EBCB4400756653 /* Main.storyboard */ = {
			isa = PBXVariantGroup;
			children = (
				4C4BB37C28EBCB4400756653 /* Base */,
			);
			name = Main.storyboard;
			sourceTree = "<group>";
		};
		4C4BB38028EBCB5100756653 /* LaunchScreen.storyboard */ = {
			isa = PBXVariantGroup;
			children = (
				4C4BB38128EBCB5100756653 /* Base */,
			);
			name = LaunchScreen.storyboard;
			sourceTree = "<group>";
		};
/* End PBXVariantGroup section */

/* Begin XCBuildConfiguration section */
		4C4BB39A28EBCB5300756653 /* Debug */ = {
			isa = XCBuildConfiguration;
			buildSettings = {
				ALWAYS_SEARCH_USER_PATHS = NO;
				CLANG_ANALYZER_NONNULL = YES;
				CLANG_ANALYZER_NUMBER_OBJECT_CONVERSION = YES_AGGRESSIVE;
				CLANG_CXX_LANGUAGE_STANDARD = "gnu++17";
				CLANG_ENABLE_MODULES = YES;
				CLANG_ENABLE_OBJC_ARC = YES;
				CLANG_ENABLE_OBJC_WEAK = YES;
				CLANG_WARN_BLOCK_CAPTURE_AUTORELEASING = YES;
				CLANG_WARN_BOOL_CONVERSION = YES;
				CLANG_WARN_COMMA = YES;
				CLANG_WARN_CONSTANT_CONVERSION = YES;
				CLANG_WARN_DEPRECATED_OBJC_IMPLEMENTATIONS = YES;
				CLANG_WARN_DIRECT_OBJC_ISA_USAGE = YES_ERROR;
				CLANG_WARN_DOCUMENTATION_COMMENTS = YES;
				CLANG_WARN_EMPTY_BODY = YES;
				CLANG_WARN_ENUM_CONVERSION = YES;
				CLANG_WARN_INFINITE_RECURSION = YES;
				CLANG_WARN_INT_CONVERSION = YES;
				CLANG_WARN_NON_LITERAL_NULL_CONVERSION = YES;
				CLANG_WARN_OBJC_IMPLICIT_RETAIN_SELF = YES;
				CLANG_WARN_OBJC_LITERAL_CONVERSION = YES;
				CLANG_WARN_OBJC_ROOT_CLASS = YES_ERROR;
				CLANG_WARN_QUOTED_INCLUDE_IN_FRAMEWORK_HEADER = YES;
				CLANG_WARN_RANGE_LOOP_ANALYSIS = YES;
				CLANG_WARN_STRICT_PROTOTYPES = YES;
				CLANG_WARN_SUSPICIOUS_MOVE = YES;
				CLANG_WARN_UNGUARDED_AVAILABILITY = YES_AGGRESSIVE;
				CLANG_WARN_UNREACHABLE_CODE = YES;
				CLANG_WARN__DUPLICATE_METHOD_MATCH = YES;
				COPY_PHASE_STRIP = NO;
				DEBUG_INFORMATION_FORMAT = dwarf;
				ENABLE_STRICT_OBJC_MSGSEND = YES;
				ENABLE_TESTABILITY = YES;
				GCC_C_LANGUAGE_STANDARD = gnu11;
				GCC_DYNAMIC_NO_PIC = NO;
				GCC_NO_COMMON_BLOCKS = YES;
				GCC_OPTIMIZATION_LEVEL = 0;
				GCC_PREPROCESSOR_DEFINITIONS = (
					"DEBUG=1",
					"$(inherited)",
				);
				GCC_WARN_64_TO_32_BIT_CONVERSION = YES;
				GCC_WARN_ABOUT_RETURN_TYPE = YES_ERROR;
				GCC_WARN_UNDECLARED_SELECTOR = YES;
				GCC_WARN_UNINITIALIZED_AUTOS = YES_AGGRESSIVE;
				GCC_WARN_UNUSED_FUNCTION = YES;
				GCC_WARN_UNUSED_VARIABLE = YES;
				IPHONEOS_DEPLOYMENT_TARGET = 15.5;
				MTL_ENABLE_DEBUG_INFO = INCLUDE_SOURCE;
				MTL_FAST_MATH = YES;
				ONLY_ACTIVE_ARCH = YES;
				SDKROOT = iphoneos;
				SWIFT_ACTIVE_COMPILATION_CONDITIONS = DEBUG;
				SWIFT_OPTIMIZATION_LEVEL = "-Onone";
			};
			name = Debug;
		};
		4C4BB39B28EBCB5300756653 /* Release */ = {
			isa = XCBuildConfiguration;
			buildSettings = {
				ALWAYS_SEARCH_USER_PATHS = NO;
				CLANG_ANALYZER_NONNULL = YES;
				CLANG_ANALYZER_NUMBER_OBJECT_CONVERSION = YES_AGGRESSIVE;
				CLANG_CXX_LANGUAGE_STANDARD = "gnu++17";
				CLANG_ENABLE_MODULES = YES;
				CLANG_ENABLE_OBJC_ARC = YES;
				CLANG_ENABLE_OBJC_WEAK = YES;
				CLANG_WARN_BLOCK_CAPTURE_AUTORELEASING = YES;
				CLANG_WARN_BOOL_CONVERSION = YES;
				CLANG_WARN_COMMA = YES;
				CLANG_WARN_CONSTANT_CONVERSION = YES;
				CLANG_WARN_DEPRECATED_OBJC_IMPLEMENTATIONS = YES;
				CLANG_WARN_DIRECT_OBJC_ISA_USAGE = YES_ERROR;
				CLANG_WARN_DOCUMENTATION_COMMENTS = YES;
				CLANG_WARN_EMPTY_BODY = YES;
				CLANG_WARN_ENUM_CONVERSION = YES;
				CLANG_WARN_INFINITE_RECURSION = YES;
				CLANG_WARN_INT_CONVERSION = YES;
				CLANG_WARN_NON_LITERAL_NULL_CONVERSION = YES;
				CLANG_WARN_OBJC_IMPLICIT_RETAIN_SELF = YES;
				CLANG_WARN_OBJC_LITERAL_CONVERSION = YES;
				CLANG_WARN_OBJC_ROOT_CLASS = YES_ERROR;
				CLANG_WARN_QUOTED_INCLUDE_IN_FRAMEWORK_HEADER = YES;
				CLANG_WARN_RANGE_LOOP_ANALYSIS = YES;
				CLANG_WARN_STRICT_PROTOTYPES = YES;
				CLANG_WARN_SUSPICIOUS_MOVE = YES;
				CLANG_WARN_UNGUARDED_AVAILABILITY = YES_AGGRESSIVE;
				CLANG_WARN_UNREACHABLE_CODE = YES;
				CLANG_WARN__DUPLICATE_METHOD_MATCH = YES;
				COPY_PHASE_STRIP = NO;
				DEBUG_INFORMATION_FORMAT = "dwarf-with-dsym";
				ENABLE_NS_ASSERTIONS = NO;
				ENABLE_STRICT_OBJC_MSGSEND = YES;
				GCC_C_LANGUAGE_STANDARD = gnu11;
				GCC_NO_COMMON_BLOCKS = YES;
				GCC_WARN_64_TO_32_BIT_CONVERSION = YES;
				GCC_WARN_ABOUT_RETURN_TYPE = YES_ERROR;
				GCC_WARN_UNDECLARED_SELECTOR = YES;
				GCC_WARN_UNINITIALIZED_AUTOS = YES_AGGRESSIVE;
				GCC_WARN_UNUSED_FUNCTION = YES;
				GCC_WARN_UNUSED_VARIABLE = YES;
				IPHONEOS_DEPLOYMENT_TARGET = 15.5;
				MTL_ENABLE_DEBUG_INFO = NO;
				MTL_FAST_MATH = YES;
				SDKROOT = iphoneos;
				SWIFT_COMPILATION_MODE = wholemodule;
				SWIFT_OPTIMIZATION_LEVEL = "-O";
				VALIDATE_PRODUCT = YES;
			};
			name = Release;
		};
		4C4BB39D28EBCB5300756653 /* Debug */ = {
			isa = XCBuildConfiguration;
			baseConfigurationReference = 4D2582D83894899377571AA4 /* Pods-Instagram.debug.xcconfig */;
			buildSettings = {
				ASSETCATALOG_COMPILER_APPICON_NAME = AppIcon;
				ASSETCATALOG_COMPILER_GLOBAL_ACCENT_COLOR_NAME = AccentColor;
				CODE_SIGN_STYLE = Automatic;
				CURRENT_PROJECT_VERSION = 1;
				DEVELOPMENT_TEAM = 2Z3295J6DG;
				GENERATE_INFOPLIST_FILE = YES;
				INFOPLIST_FILE = Instagram/Info.plist;
				INFOPLIST_KEY_UIApplicationSupportsIndirectInputEvents = YES;
				INFOPLIST_KEY_UILaunchStoryboardName = LaunchScreen;
				INFOPLIST_KEY_UIMainStoryboardFile = Main;
				INFOPLIST_KEY_UISupportedInterfaceOrientations_iPad = "UIInterfaceOrientationPortrait UIInterfaceOrientationPortraitUpsideDown UIInterfaceOrientationLandscapeLeft UIInterfaceOrientationLandscapeRight";
				INFOPLIST_KEY_UISupportedInterfaceOrientations_iPhone = "UIInterfaceOrientationPortrait UIInterfaceOrientationLandscapeLeft UIInterfaceOrientationLandscapeRight";
				LD_RUNPATH_SEARCH_PATHS = (
					"$(inherited)",
					"@executable_path/Frameworks",
				);
				MARKETING_VERSION = 1.0;
				PRODUCT_BUNDLE_IDENTIFIER = fatimahali.Instagram;
				PRODUCT_NAME = "$(TARGET_NAME)";
				SWIFT_EMIT_LOC_STRINGS = YES;
				SWIFT_VERSION = 5.0;
				TARGETED_DEVICE_FAMILY = "1,2";
			};
			name = Debug;
		};
		4C4BB39E28EBCB5300756653 /* Release */ = {
			isa = XCBuildConfiguration;
			baseConfigurationReference = 85201F9CE9E840C80E2B7B99 /* Pods-Instagram.release.xcconfig */;
			buildSettings = {
				ASSETCATALOG_COMPILER_APPICON_NAME = AppIcon;
				ASSETCATALOG_COMPILER_GLOBAL_ACCENT_COLOR_NAME = AccentColor;
				CODE_SIGN_STYLE = Automatic;
				CURRENT_PROJECT_VERSION = 1;
				DEVELOPMENT_TEAM = 2Z3295J6DG;
				GENERATE_INFOPLIST_FILE = YES;
				INFOPLIST_FILE = Instagram/Info.plist;
				INFOPLIST_KEY_UIApplicationSupportsIndirectInputEvents = YES;
				INFOPLIST_KEY_UILaunchStoryboardName = LaunchScreen;
				INFOPLIST_KEY_UIMainStoryboardFile = Main;
				INFOPLIST_KEY_UISupportedInterfaceOrientations_iPad = "UIInterfaceOrientationPortrait UIInterfaceOrientationPortraitUpsideDown UIInterfaceOrientationLandscapeLeft UIInterfaceOrientationLandscapeRight";
				INFOPLIST_KEY_UISupportedInterfaceOrientations_iPhone = "UIInterfaceOrientationPortrait UIInterfaceOrientationLandscapeLeft UIInterfaceOrientationLandscapeRight";
				LD_RUNPATH_SEARCH_PATHS = (
					"$(inherited)",
					"@executable_path/Frameworks",
				);
				MARKETING_VERSION = 1.0;
				PRODUCT_BUNDLE_IDENTIFIER = fatimahali.Instagram;
				PRODUCT_NAME = "$(TARGET_NAME)";
				SWIFT_EMIT_LOC_STRINGS = YES;
				SWIFT_VERSION = 5.0;
				TARGETED_DEVICE_FAMILY = "1,2";
			};
			name = Release;
		};
		4C4BB3A028EBCB5300756653 /* Debug */ = {
			isa = XCBuildConfiguration;
			baseConfigurationReference = FB2BFD4EB2B9F840DC1CA13F /* Pods-InstagramTests.debug.xcconfig */;
			buildSettings = {
				ALWAYS_EMBED_SWIFT_STANDARD_LIBRARIES = YES;
				BUNDLE_LOADER = "$(TEST_HOST)";
				CODE_SIGN_STYLE = Automatic;
				CURRENT_PROJECT_VERSION = 1;
				DEVELOPMENT_TEAM = 2Z3295J6DG;
				GENERATE_INFOPLIST_FILE = YES;
				IPHONEOS_DEPLOYMENT_TARGET = 15.5;
				MARKETING_VERSION = 1.0;
				PRODUCT_BUNDLE_IDENTIFIER = fatimahali.InstagramTests;
				PRODUCT_NAME = "$(TARGET_NAME)";
				SWIFT_EMIT_LOC_STRINGS = NO;
				SWIFT_VERSION = 5.0;
				TARGETED_DEVICE_FAMILY = "1,2";
				TEST_HOST = "$(BUILT_PRODUCTS_DIR)/Instagram.app/Instagram";
			};
			name = Debug;
		};
		4C4BB3A128EBCB5300756653 /* Release */ = {
			isa = XCBuildConfiguration;
			baseConfigurationReference = FFB1EFA29C9AB416F2D64913 /* Pods-InstagramTests.release.xcconfig */;
			buildSettings = {
				ALWAYS_EMBED_SWIFT_STANDARD_LIBRARIES = YES;
				BUNDLE_LOADER = "$(TEST_HOST)";
				CODE_SIGN_STYLE = Automatic;
				CURRENT_PROJECT_VERSION = 1;
				DEVELOPMENT_TEAM = 2Z3295J6DG;
				GENERATE_INFOPLIST_FILE = YES;
				IPHONEOS_DEPLOYMENT_TARGET = 15.5;
				MARKETING_VERSION = 1.0;
				PRODUCT_BUNDLE_IDENTIFIER = fatimahali.InstagramTests;
				PRODUCT_NAME = "$(TARGET_NAME)";
				SWIFT_EMIT_LOC_STRINGS = NO;
				SWIFT_VERSION = 5.0;
				TARGETED_DEVICE_FAMILY = "1,2";
				TEST_HOST = "$(BUILT_PRODUCTS_DIR)/Instagram.app/Instagram";
			};
			name = Release;
		};
		4C4BB3A328EBCB5300756653 /* Debug */ = {
			isa = XCBuildConfiguration;
			baseConfigurationReference = 7C315716589FC9394AB9E874 /* Pods-Instagram-InstagramUITests.debug.xcconfig */;
			buildSettings = {
				ALWAYS_EMBED_SWIFT_STANDARD_LIBRARIES = YES;
				CODE_SIGN_STYLE = Automatic;
				CURRENT_PROJECT_VERSION = 1;
				DEVELOPMENT_TEAM = 2Z3295J6DG;
				GENERATE_INFOPLIST_FILE = YES;
				MARKETING_VERSION = 1.0;
				PRODUCT_BUNDLE_IDENTIFIER = fatimahali.InstagramUITests;
				PRODUCT_NAME = "$(TARGET_NAME)";
				SWIFT_EMIT_LOC_STRINGS = NO;
				SWIFT_VERSION = 5.0;
				TARGETED_DEVICE_FAMILY = "1,2";
				TEST_TARGET_NAME = Instagram;
			};
			name = Debug;
		};
		4C4BB3A428EBCB5300756653 /* Release */ = {
			isa = XCBuildConfiguration;
			baseConfigurationReference = 5787A3DD6BC59B947F164B43 /* Pods-Instagram-InstagramUITests.release.xcconfig */;
			buildSettings = {
				ALWAYS_EMBED_SWIFT_STANDARD_LIBRARIES = YES;
				CODE_SIGN_STYLE = Automatic;
				CURRENT_PROJECT_VERSION = 1;
				DEVELOPMENT_TEAM = 2Z3295J6DG;
				GENERATE_INFOPLIST_FILE = YES;
				MARKETING_VERSION = 1.0;
				PRODUCT_BUNDLE_IDENTIFIER = fatimahali.InstagramUITests;
				PRODUCT_NAME = "$(TARGET_NAME)";
				SWIFT_EMIT_LOC_STRINGS = NO;
				SWIFT_VERSION = 5.0;
				TARGETED_DEVICE_FAMILY = "1,2";
				TEST_TARGET_NAME = Instagram;
			};
			name = Release;
		};
/* End XCBuildConfiguration section */

/* Begin XCConfigurationList section */
		4C4BB36D28EBCB4400756653 /* Build configuration list for PBXProject "Instagram" */ = {
			isa = XCConfigurationList;
			buildConfigurations = (
				4C4BB39A28EBCB5300756653 /* Debug */,
				4C4BB39B28EBCB5300756653 /* Release */,
			);
			defaultConfigurationIsVisible = 0;
			defaultConfigurationName = Release;
		};
		4C4BB39C28EBCB5300756653 /* Build configuration list for PBXNativeTarget "Instagram" */ = {
			isa = XCConfigurationList;
			buildConfigurations = (
				4C4BB39D28EBCB5300756653 /* Debug */,
				4C4BB39E28EBCB5300756653 /* Release */,
			);
			defaultConfigurationIsVisible = 0;
			defaultConfigurationName = Release;
		};
		4C4BB39F28EBCB5300756653 /* Build configuration list for PBXNativeTarget "InstagramTests" */ = {
			isa = XCConfigurationList;
			buildConfigurations = (
				4C4BB3A028EBCB5300756653 /* Debug */,
				4C4BB3A128EBCB5300756653 /* Release */,
			);
			defaultConfigurationIsVisible = 0;
			defaultConfigurationName = Release;
		};
		4C4BB3A228EBCB5300756653 /* Build configuration list for PBXNativeTarget "InstagramUITests" */ = {
			isa = XCConfigurationList;
			buildConfigurations = (
				4C4BB3A328EBCB5300756653 /* Debug */,
				4C4BB3A428EBCB5300756653 /* Release */,
			);
			defaultConfigurationIsVisible = 0;
			defaultConfigurationName = Release;
		};
/* End XCConfigurationList section */
	};
	rootObject = 4C4BB36A28EBCB4400756653 /* Project object */;
}
